// !$*UTF8*$!
{
	archiveVersion = 1;
	classes = {
	};
	objectVersion = 46;
	objects = {

/* Begin PBXBuildFile section */
		57A7B2261B3501A100D62F45 /* AppDelegate.swift in Sources */ = {isa = PBXBuildFile; fileRef = 57A7B2251B3501A100D62F45 /* AppDelegate.swift */; };
		57A7B2281B3501A100D62F45 /* ViewController.swift in Sources */ = {isa = PBXBuildFile; fileRef = 57A7B2271B3501A100D62F45 /* ViewController.swift */; };
		57A7B22B1B3501A100D62F45 /* Main.storyboard in Resources */ = {isa = PBXBuildFile; fileRef = 57A7B2291B3501A100D62F45 /* Main.storyboard */; };
		57A7B22D1B3501A100D62F45 /* Images.xcassets in Resources */ = {isa = PBXBuildFile; fileRef = 57A7B22C1B3501A100D62F45 /* Images.xcassets */; };
		57A7B2301B3501A100D62F45 /* LaunchScreen.xib in Resources */ = {isa = PBXBuildFile; fileRef = 57A7B22E1B3501A100D62F45 /* LaunchScreen.xib */; };
		57A7B23C1B3501A100D62F45 /* TextFieldsChallengeTests.swift in Sources */ = {isa = PBXBuildFile; fileRef = 57A7B23B1B3501A100D62F45 /* TextFieldsChallengeTests.swift */; };
/* End PBXBuildFile section */

/* Begin PBXContainerItemProxy section */
		57A7B2361B3501A100D62F45 /* PBXContainerItemProxy */ = {
			isa = PBXContainerItemProxy;
			containerPortal = 57A7B2181B3501A100D62F45 /* Project object */;
			proxyType = 1;
			remoteGlobalIDString = 57A7B21F1B3501A100D62F45;
			remoteInfo = TextFieldsChallenge;
		};
/* End PBXContainerItemProxy section */

/* Begin PBXFileReference section */
		57A7B2201B3501A100D62F45 /* TextFieldsChallenge.app */ = {isa = PBXFileReference; explicitFileType = wrapper.application; includeInIndex = 0; path = TextFieldsChallenge.app; sourceTree = BUILT_PRODUCTS_DIR; };
		57A7B2241B3501A100D62F45 /* Info.plist */ = {isa = PBXFileReference; lastKnownFileType = text.plist.xml; path = Info.plist; sourceTree = "<group>"; };
		57A7B2251B3501A100D62F45 /* AppDelegate.swift */ = {isa = PBXFileReference; lastKnownFileType = sourcecode.swift; path = AppDelegate.swift; sourceTree = "<group>"; };
		57A7B2271B3501A100D62F45 /* ViewController.swift */ = {isa = PBXFileReference; lastKnownFileType = sourcecode.swift; path = ViewController.swift; sourceTree = "<group>"; };
		57A7B22A1B3501A100D62F45 /* Base */ = {isa = PBXFileReference; lastKnownFileType = file.storyboard; name = Base; path = Base.lproj/Main.storyboard; sourceTree = "<group>"; };
		57A7B22C1B3501A100D62F45 /* Images.xcassets */ = {isa = PBXFileReference; lastKnownFileType = folder.assetcatalog; path = Images.xcassets; sourceTree = "<group>"; };
		57A7B22F1B3501A100D62F45 /* Base */ = {isa = PBXFileReference; lastKnownFileType = file.xib; name = Base; path = Base.lproj/LaunchScreen.xib; sourceTree = "<group>"; };
		57A7B2351B3501A100D62F45 /* TextFieldsChallengeTests.xctest */ = {isa = PBXFileReference; explicitFileType = wrapper.cfbundle; includeInIndex = 0; path = TextFieldsChallengeTests.xctest; sourceTree = BUILT_PRODUCTS_DIR; };
		57A7B23A1B3501A100D62F45 /* Info.plist */ = {isa = PBXFileReference; lastKnownFileType = text.plist.xml; path = Info.plist; sourceTree = "<group>"; };
		57A7B23B1B3501A100D62F45 /* TextFieldsChallengeTests.swift */ = {isa = PBXFileReference; lastKnownFileType = sourcecode.swift; path = TextFieldsChallengeTests.swift; sourceTree = "<group>"; };
/* End PBXFileReference section */

/* Begin PBXFrameworksBuildPhase section */
		57A7B21D1B3501A100D62F45 /* Frameworks */ = {
			isa = PBXFrameworksBuildPhase;
			buildActionMask = 2147483647;
			files = (
			);
			runOnlyForDeploymentPostprocessing = 0;
		};
		57A7B2321B3501A100D62F45 /* Frameworks */ = {
			isa = PBXFrameworksBuildPhase;
			buildActionMask = 2147483647;
			files = (
			);
			runOnlyForDeploymentPostprocessing = 0;
		};
/* End PBXFrameworksBuildPhase section */

/* Begin PBXGroup section */
		57A7B2171B3501A100D62F45 = {
			isa = PBXGroup;
			children = (
				57A7B2221B3501A100D62F45 /* TextFieldsChallenge */,
				57A7B2381B3501A100D62F45 /* TextFieldsChallengeTests */,
				57A7B2211B3501A100D62F45 /* Products */,
			);
			sourceTree = "<group>";
		};
		57A7B2211B3501A100D62F45 /* Products */ = {
			isa = PBXGroup;
			children = (
				57A7B2201B3501A100D62F45 /* TextFieldsChallenge.app */,
				57A7B2351B3501A100D62F45 /* TextFieldsChallengeTests.xctest */,
			);
			name = Products;
			sourceTree = "<group>";
		};
		57A7B2221B3501A100D62F45 /* TextFieldsChallenge */ = {
			isa = PBXGroup;
			children = (
				57A7B2251B3501A100D62F45 /* AppDelegate.swift */,
				57A7B2271B3501A100D62F45 /* ViewController.swift */,
				57A7B2291B3501A100D62F45 /* Main.storyboard */,
				57A7B22C1B3501A100D62F45 /* Images.xcassets */,
				57A7B22E1B3501A100D62F45 /* LaunchScreen.xib */,
				57A7B2231B3501A100D62F45 /* Supporting Files */,
			);
			path = TextFieldsChallenge;
			sourceTree = "<group>";
		};
		57A7B2231B3501A100D62F45 /* Supporting Files */ = {
			isa = PBXGroup;
			children = (
				57A7B2241B3501A100D62F45 /* Info.plist */,
			);
			name = "Supporting Files";
			sourceTree = "<group>";
		};
		57A7B2381B3501A100D62F45 /* TextFieldsChallengeTests */ = {
			isa = PBXGroup;
			children = (
				57A7B23B1B3501A100D62F45 /* TextFieldsChallengeTests.swift */,
				57A7B2391B3501A100D62F45 /* Supporting Files */,
			);
			path = TextFieldsChallengeTests;
			sourceTree = "<group>";
		};
		57A7B2391B3501A100D62F45 /* Supporting Files */ = {
			isa = PBXGroup;
			children = (
				57A7B23A1B3501A100D62F45 /* Info.plist */,
			);
			name = "Supporting Files";
			sourceTree = "<group>";
		};
/* End PBXGroup section */

/* Begin PBXNativeTarget section */
		57A7B21F1B3501A100D62F45 /* TextFieldsChallenge */ = {
			isa = PBXNativeTarget;
			buildConfigurationList = 57A7B23F1B3501A100D62F45 /* Build configuration list for PBXNativeTarget "TextFieldsChallenge" */;
			buildPhases = (
				57A7B21C1B3501A100D62F45 /* Sources */,
				57A7B21D1B3501A100D62F45 /* Frameworks */,
				57A7B21E1B3501A100D62F45 /* Resources */,
			);
			buildRules = (
			);
			dependencies = (
			);
			name = TextFieldsChallenge;
			productName = TextFieldsChallenge;
			productReference = 57A7B2201B3501A100D62F45 /* TextFieldsChallenge.app */;
			productType = "com.apple.product-type.application";
		};
		57A7B2341B3501A100D62F45 /* TextFieldsChallengeTests */ = {
			isa = PBXNativeTarget;
			buildConfigurationList = 57A7B2421B3501A100D62F45 /* Build configuration list for PBXNativeTarget "TextFieldsChallengeTests" */;
			buildPhases = (
				57A7B2311B3501A100D62F45 /* Sources */,
				57A7B2321B3501A100D62F45 /* Frameworks */,
				57A7B2331B3501A100D62F45 /* Resources */,
			);
			buildRules = (
			);
			dependencies = (
				57A7B2371B3501A100D62F45 /* PBXTargetDependency */,
			);
			name = TextFieldsChallengeTests;
			productName = TextFieldsChallengeTests;
			productReference = 57A7B2351B3501A100D62F45 /* TextFieldsChallengeTests.xctest */;
			productType = "com.apple.product-type.bundle.unit-test";
		};
/* End PBXNativeTarget section */

/* Begin PBXProject section */
		57A7B2181B3501A100D62F45 /* Project object */ = {
			isa = PBXProject;
			attributes = {
				LastUpgradeCheck = 0630;
				ORGANIZATIONNAME = "Alex Paul";
				TargetAttributes = {
					57A7B21F1B3501A100D62F45 = {
						CreatedOnToolsVersion = 6.3.2;
					};
					57A7B2341B3501A100D62F45 = {
						CreatedOnToolsVersion = 6.3.2;
						TestTargetID = 57A7B21F1B3501A100D62F45;
					};
				};
			};
			buildConfigurationList = 57A7B21B1B3501A100D62F45 /* Build configuration list for PBXProject "TextFieldsChallenge" */;
			compatibilityVersion = "Xcode 3.2";
			developmentRegion = English;
			hasScannedForEncodings = 0;
			knownRegions = (
				en,
				Base,
			);
			mainGroup = 57A7B2171B3501A100D62F45;
			productRefGroup = 57A7B2211B3501A100D62F45 /* Products */;
			projectDirPath = "";
			projectRoot = "";
			targets = (
				57A7B21F1B3501A100D62F45 /* TextFieldsChallenge */,
				57A7B2341B3501A100D62F45 /* TextFieldsChallengeTests */,
			);
		};
/* End PBXProject section */

/* Begin PBXResourcesBuildPhase section */
		57A7B21E1B3501A100D62F45 /* Resources */ = {
			isa = PBXResourcesBuildPhase;
			buildActionMask = 2147483647;
			files = (
				57A7B22B1B3501A100D62F45 /* Main.storyboard in Resources */,
				57A7B2301B3501A100D62F45 /* LaunchScreen.xib in Resources */,
				57A7B22D1B3501A100D62F45 /* Images.xcassets in Resources */,
			);
			runOnlyForDeploymentPostprocessing = 0;
		};
		57A7B2331B3501A100D62F45 /* Resources */ = {
			isa = PBXResourcesBuildPhase;
			buildActionMask = 2147483647;
			files = (
			);
			runOnlyForDeploymentPostprocessing = 0;
		};
/* End PBXResourcesBuildPhase section */

/* Begin PBXSourcesBuildPhase section */
		57A7B21C1B3501A100D62F45 /* Sources */ = {
			isa = PBXSourcesBuildPhase;
			buildActionMask = 2147483647;
			files = (
				57A7B2281B3501A100D62F45 /* ViewController.swift in Sources */,
				57A7B2261B3501A100D62F45 /* AppDelegate.swift in Sources */,
			);
			runOnlyForDeploymentPostprocessing = 0;
		};
		57A7B2311B3501A100D62F45 /* Sources */ = {
			isa = PBXSourcesBuildPhase;
			buildActionMask = 2147483647;
			files = (
				57A7B23C1B3501A100D62F45 /* TextFieldsChallengeTests.swift in Sources */,
			);
			runOnlyForDeploymentPostprocessing = 0;
		};
/* End PBXSourcesBuildPhase section */

/* Begin PBXTargetDependency section */
		57A7B2371B3501A100D62F45 /* PBXTargetDependency */ = {
			isa = PBXTargetDependency;
			target = 57A7B21F1B3501A100D62F45 /* TextFieldsChallenge */;
			targetProxy = 57A7B2361B3501A100D62F45 /* PBXContainerItemProxy */;
		};
/* End PBXTargetDependency section */

/* Begin PBXVariantGroup section */
		57A7B2291B3501A100D62F45 /* Main.storyboard */ = {
			isa = PBXVariantGroup;
			children = (
				57A7B22A1B3501A100D62F45 /* Base */,
			);
			name = Main.storyboard;
			sourceTree = "<group>";
		};
		57A7B22E1B3501A100D62F45 /* LaunchScreen.xib */ = {
			isa = PBXVariantGroup;
			children = (
				57A7B22F1B3501A100D62F45 /* Base */,
			);
			name = LaunchScreen.xib;
			sourceTree = "<group>";
		};
/* End PBXVariantGroup section */

/* Begin XCBuildConfiguration section */
		57A7B23D1B3501A100D62F45 /* Debug */ = {
			isa = XCBuildConfiguration;
			buildSettings = {
				ALWAYS_SEARCH_USER_PATHS = NO;
				CLANG_CXX_LANGUAGE_STANDARD = "gnu++0x";
				CLANG_CXX_LIBRARY = "libc++";
				CLANG_ENABLE_MODULES = YES;
				CLANG_ENABLE_OBJC_ARC = YES;
				CLANG_WARN_BOOL_CONVERSION = YES;
				CLANG_WARN_CONSTANT_CONVERSION = YES;
				CLANG_WARN_DIRECT_OBJC_ISA_USAGE = YES_ERROR;
				CLANG_WARN_EMPTY_BODY = YES;
				CLANG_WARN_ENUM_CONVERSION = YES;
				CLANG_WARN_INT_CONVERSION = YES;
				CLANG_WARN_OBJC_ROOT_CLASS = YES_ERROR;
				CLANG_WARN_UNREACHABLE_CODE = YES;
				CLANG_WARN__DUPLICATE_METHOD_MATCH = YES;
				"CODE_SIGN_IDENTITY[sdk=iphoneos*]" = "iPhone Developer";
				COPY_PHASE_STRIP = NO;
				DEBUG_INFORMATION_FORMAT = "dwarf-with-dsym";
				ENABLE_STRICT_OBJC_MSGSEND = YES;
				GCC_C_LANGUAGE_STANDARD = gnu99;
				GCC_DYNAMIC_NO_PIC = NO;
				GCC_NO_COMMON_BLOCKS = YES;
				GCC_OPTIMIZATION_LEVEL = 0;
				GCC_PREPROCESSOR_DEFINITIONS = (
					"DEBUG=1",
					"$(inherited)",
				);
				GCC_SYMBOLS_PRIVATE_EXTERN = NO;
				GCC_WARN_64_TO_32_BIT_CONVERSION = YES;
				GCC_WARN_ABOUT_RETURN_TYPE = YES_ERROR;
				GCC_WARN_UNDECLARED_SELECTOR = YES;
				GCC_WARN_UNINITIALIZED_AUTOS = YES_AGGRESSIVE;
				GCC_WARN_UNUSED_FUNCTION = YES;
				GCC_WARN_UNUSED_VARIABLE = YES;
				IPHONEOS_DEPLOYMENT_TARGET = 8.3;
				MTL_ENABLE_DEBUG_INFO = YES;
				ONLY_ACTIVE_ARCH = YES;
				SDKROOT = iphoneos;
				SWIFT_OPTIMIZATION_LEVEL = "-Onone";
			};
			name = Debug;
		};
		57A7B23E1B3501A100D62F45 /* Release */ = {
			isa = XCBuildConfiguration;
			buildSettings = {
				ALWAYS_SEARCH_USER_PATHS = NO;
				CLANG_CXX_LANGUAGE_STANDARD = "gnu++0x";
				CLANG_CXX_LIBRARY = "libc++";
				CLANG_ENABLE_MODULES = YES;
				CLANG_ENABLE_OBJC_ARC = YES;
				CLANG_WARN_BOOL_CONVERSION = YES;
				CLANG_WARN_CONSTANT_CONVERSION = YES;
				CLANG_WARN_DIRECT_OBJC_ISA_USAGE = YES_ERROR;
				CLANG_WARN_EMPTY_BODY = YES;
				CLANG_WARN_ENUM_CONVERSION = YES;
				CLANG_WARN_INT_CONVERSION = YES;
				CLANG_WARN_OBJC_ROOT_CLASS = YES_ERROR;
				CLANG_WARN_UNREACHABLE_CODE = YES;
				CLANG_WARN__DUPLICATE_METHOD_MATCH = YES;
				"CODE_SIGN_IDENTITY[sdk=iphoneos*]" = "iPhone Developer";
				COPY_PHASE_STRIP = NO;
				DEBUG_INFORMATION_FORMAT = "dwarf-with-dsym";
				ENABLE_NS_ASSERTIONS = NO;
				ENABLE_STRICT_OBJC_MSGSEND = YES;
				GCC_C_LANGUAGE_STANDARD = gnu99;
				GCC_NO_COMMON_BLOCKS = YES;
				GCC_WARN_64_TO_32_BIT_CONVERSION = YES;
				GCC_WARN_ABOUT_RETURN_TYPE = YES_ERROR;
				GCC_WARN_UNDECLARED_SELECTOR = YES;
				GCC_WARN_UNINITIALIZED_AUTOS = YES_AGGRESSIVE;
				GCC_WARN_UNUSED_FUNCTION = YES;
				GCC_WARN_UNUSED_VARIABLE = YES;
				IPHONEOS_DEPLOYMENT_TARGET = 8.3;
				MTL_ENABLE_DEBUG_INFO = NO;
				SDKROOT = iphoneos;
				VALIDATE_PRODUCT = YES;
			};
			name = Release;
		};
		57A7B2401B3501A100D62F45 /* Debug */ = {
			isa = XCBuildConfiguration;
			buildSettings = {
				ASSETCATALOG_COMPILER_APPICON_NAME = AppIcon;
				INFOPLIST_FILE = TextFieldsChallenge/Info.plist;
				LD_RUNPATH_SEARCH_PATHS = "$(inherited) @executable_path/Frameworks";
				PRODUCT_NAME = "$(TARGET_NAME)";
			};
			name = Debug;
		};
		57A7B2411B3501A100D62F45 /* Release */ = {
			isa = XCBuildConfiguration;
			buildSettings = {
				ASSETCATALOG_COMPILER_APPICON_NAME = AppIcon;
				INFOPLIST_FILE = TextFieldsChallenge/Info.plist;
				LD_RUNPATH_SEARCH_PATHS = "$(inherited) @executable_path/Frameworks";
				PRODUCT_NAME = "$(TARGET_NAME)";
			};
			name = Release;
		};
		57A7B2431B3501A100D62F45 /* Debug */ = {
			isa = XCBuildConfiguration;
			buildSettings = {
				BUNDLE_LOADER = "$(TEST_HOST)";
				FRAMEWORK_SEARCH_PATHS = (
					"$(SDKROOT)/Developer/Library/Frameworks",
					"$(inherited)",
				);
				GCC_PREPROCESSOR_DEFINITIONS = (
					"DEBUG=1",
					"$(inherited)",
				);
				INFOPLIST_FILE = TextFieldsChallengeTests/Info.plist;
				LD_RUNPATH_SEARCH_PATHS = "$(inherited) @executable_path/Frameworks @loader_path/Frameworks";
				PRODUCT_NAME = "$(TARGET_NAME)";
				TEST_HOST = "$(BUILT_PRODUCTS_DIR)/TextFieldsChallenge.app/TextFieldsChallenge";
			};
			name = Debug;
		};
		57A7B2441B3501A100D62F45 /* Release */ = {
			isa = XCBuildConfiguration;
			buildSettings = {
				BUNDLE_LOADER = "$(TEST_HOST)";
				FRAMEWORK_SEARCH_PATHS = (
					"$(SDKROOT)/Developer/Library/Frameworks",
					"$(inherited)",
				);
				INFOPLIST_FILE = TextFieldsChallengeTests/Info.plist;
				LD_RUNPATH_SEARCH_PATHS = "$(inherited) @executable_path/Frameworks @loader_path/Frameworks";
				PRODUCT_NAME = "$(TARGET_NAME)";
				TEST_HOST = "$(BUILT_PRODUCTS_DIR)/TextFieldsChallenge.app/TextFieldsChallenge";
			};
			name = Release;
		};
/* End XCBuildConfiguration section */

/* Begin XCConfigurationList section */
		57A7B21B1B3501A100D62F45 /* Build configuration list for PBXProject "TextFieldsChallenge" */ = {
			isa = XCConfigurationList;
			buildConfigurations = (
				57A7B23D1B3501A100D62F45 /* Debug */,
				57A7B23E1B3501A100D62F45 /* Release */,
			);
			defaultConfigurationIsVisible = 0;
			defaultConfigurationName = Release;
		};
		57A7B23F1B3501A100D62F45 /* Build configuration list for PBXNativeTarget "TextFieldsChallenge" */ = {
			isa = XCConfigurationList;
			buildConfigurations = (
				57A7B2401B3501A100D62F45 /* Debug */,
				57A7B2411B3501A100D62F45 /* Release */,
			);
			defaultConfigurationIsVisible = 0;
		};
		57A7B2421B3501A100D62F45 /* Build configuration list for PBXNativeTarget "TextFieldsChallengeTests" */ = {
			isa = XCConfigurationList;
			buildConfigurations = (
				57A7B2431B3501A100D62F45 /* Debug */,
				57A7B2441B3501A100D62F45 /* Release */,
			);
			defaultConfigurationIsVisible = 0;
		};
/* End XCConfigurationList section */
	};
	rootObject = 57A7B2181B3501A100D62F45 /* Project object */;
}
